
Microsoft Visual Studio Solution File, Format Version 12.00
# Visual Studio Version 17
VisualStudioVersion = 17.11.35327.3
MinimumVisualStudioVersion = 10.0.40219.1
Project("{F2A71F9B-5D33-465A-A702-920D77279786}") = "DecemberTheThird", "DecemberTheThird.fsproj", "{90FCA73E-1A01-4F33-9559-A5DDA4748972}"
EndProject
Global
	GlobalSection(SolutionConfigurationPlatforms) = preSolution
		Debug|Any CPU = Debug|Any CPU
		Release|Any CPU = Release|Any CPU
	EndGlobalSection
	GlobalSection(ProjectConfigurationPlatforms) = postSolution
		{90FCA73E-1A01-4F33-9559-A5DDA4748972}.Debug|Any CPU.ActiveCfg = Debug|Any CPU
		{90FCA73E-1A01-4F33-9559-A5DDA4748972}.Debug|Any CPU.Build.0 = Debug|Any CPU
		{90FCA73E-1A01-4F33-9559-A5DDA4748972}.Release|Any CPU.ActiveCfg = Release|Any CPU
		{90FCA73E-1A01-4F33-9559-A5DDA4748972}.Release|Any CPU.Build.0 = Release|Any CPU
	EndGlobalSection
	GlobalSection(SolutionProperties) = preSolution
		HideSolutionNode = FALSE
	EndGlobalSection
	GlobalSection(ExtensibilityGlobals) = postSolution
		SolutionGuid = {ED1913C8-9898-4A1A-9BB0-8FE0B5DA4510}
	EndGlobalSection
EndGlobal
